// !$*UTF8*$!
{
	archiveVersion = 1;
	classes = {
	};
	objectVersion = 50;
	objects = {

/* Begin PBXBuildFile section */
		3794948F20BB3146001E5D61 /* AppDelegate.swift in Sources */ = {isa = PBXBuildFile; fileRef = 3794948E20BB3146001E5D61 /* AppDelegate.swift */; };
		3794949120BB3146001E5D61 /* ViewController.swift in Sources */ = {isa = PBXBuildFile; fileRef = 3794949020BB3146001E5D61 /* ViewController.swift */; };
		3794949420BB3146001E5D61 /* Main.storyboard in Resources */ = {isa = PBXBuildFile; fileRef = 3794949220BB3146001E5D61 /* Main.storyboard */; };
		3794949620BB3147001E5D61 /* Assets.xcassets in Resources */ = {isa = PBXBuildFile; fileRef = 3794949520BB3147001E5D61 /* Assets.xcassets */; };
		3794949920BB3147001E5D61 /* LaunchScreen.storyboard in Resources */ = {isa = PBXBuildFile; fileRef = 3794949720BB3147001E5D61 /* LaunchScreen.storyboard */; };
		379494A420BB3147001E5D61 /* vehsenseTests.swift in Sources */ = {isa = PBXBuildFile; fileRef = 379494A320BB3147001E5D61 /* vehsenseTests.swift */; };
		6B2DB35920C5D8AB00349D1F /* GPS.swift in Sources */ = {isa = PBXBuildFile; fileRef = 6B2DB35720C5D8AA00349D1F /* GPS.swift */; };
		6B2DB35A20C5D8AB00349D1F /* FileSystem.swift in Sources */ = {isa = PBXBuildFile; fileRef = 6B2DB35820C5D8AA00349D1F /* FileSystem.swift */; };
		6B2DB35C20C6E2D800349D1F /* ThreeAxis.swift in Sources */ = {isa = PBXBuildFile; fileRef = 6B2DB35B20C6E2D800349D1F /* ThreeAxis.swift */; };
		6B2DB35E20C6E2E600349D1F /* Gyroscope.swift in Sources */ = {isa = PBXBuildFile; fileRef = 6B2DB35D20C6E2E600349D1F /* Gyroscope.swift */; };
		6B2DB36020C6EA9600349D1F /* TemplateFile.swift in Sources */ = {isa = PBXBuildFile; fileRef = 6B2DB35F20C6EA9600349D1F /* TemplateFile.swift */; };
/* End PBXBuildFile section */

/* Begin PBXContainerItemProxy section */
		379494A020BB3147001E5D61 /* PBXContainerItemProxy */ = {
			isa = PBXContainerItemProxy;
			containerPortal = 3794948320BB3146001E5D61 /* Project object */;
			proxyType = 1;
			remoteGlobalIDString = 3794948A20BB3146001E5D61;
			remoteInfo = vehsense;
		};
/* End PBXContainerItemProxy section */

/* Begin PBXFileReference section */
		3794948B20BB3146001E5D61 /* vehsense.app */ = {isa = PBXFileReference; explicitFileType = wrapper.application; includeInIndex = 0; path = vehsense.app; sourceTree = BUILT_PRODUCTS_DIR; };
		3794948E20BB3146001E5D61 /* AppDelegate.swift */ = {isa = PBXFileReference; lastKnownFileType = sourcecode.swift; path = AppDelegate.swift; sourceTree = "<group>"; };
		3794949020BB3146001E5D61 /* ViewController.swift */ = {isa = PBXFileReference; lastKnownFileType = sourcecode.swift; path = ViewController.swift; sourceTree = "<group>"; };
		3794949320BB3146001E5D61 /* Base */ = {isa = PBXFileReference; lastKnownFileType = file.storyboard; name = Base; path = Base.lproj/Main.storyboard; sourceTree = "<group>"; };
		3794949520BB3147001E5D61 /* Assets.xcassets */ = {isa = PBXFileReference; lastKnownFileType = folder.assetcatalog; path = Assets.xcassets; sourceTree = "<group>"; };
		3794949820BB3147001E5D61 /* Base */ = {isa = PBXFileReference; lastKnownFileType = file.storyboard; name = Base; path = Base.lproj/LaunchScreen.storyboard; sourceTree = "<group>"; };
		3794949A20BB3147001E5D61 /* Info.plist */ = {isa = PBXFileReference; lastKnownFileType = text.plist.xml; path = Info.plist; sourceTree = "<group>"; };
		3794949F20BB3147001E5D61 /* vehsenseTests.xctest */ = {isa = PBXFileReference; explicitFileType = wrapper.cfbundle; includeInIndex = 0; path = vehsenseTests.xctest; sourceTree = BUILT_PRODUCTS_DIR; };
		379494A320BB3147001E5D61 /* vehsenseTests.swift */ = {isa = PBXFileReference; lastKnownFileType = sourcecode.swift; path = vehsenseTests.swift; sourceTree = "<group>"; };
		379494A520BB3147001E5D61 /* Info.plist */ = {isa = PBXFileReference; lastKnownFileType = text.plist.xml; path = Info.plist; sourceTree = "<group>"; };
		6B2DB35720C5D8AA00349D1F /* GPS.swift */ = {isa = PBXFileReference; fileEncoding = 4; lastKnownFileType = sourcecode.swift; path = GPS.swift; sourceTree = "<group>"; };
		6B2DB35820C5D8AA00349D1F /* FileSystem.swift */ = {isa = PBXFileReference; fileEncoding = 4; lastKnownFileType = sourcecode.swift; path = FileSystem.swift; sourceTree = "<group>"; };
		6B2DB35B20C6E2D800349D1F /* ThreeAxis.swift */ = {isa = PBXFileReference; lastKnownFileType = sourcecode.swift; path = ThreeAxis.swift; sourceTree = "<group>"; };
		6B2DB35D20C6E2E600349D1F /* Gyroscope.swift */ = {isa = PBXFileReference; lastKnownFileType = sourcecode.swift; path = Gyroscope.swift; sourceTree = "<group>"; };
		6B2DB35F20C6EA9600349D1F /* TemplateFile.swift */ = {isa = PBXFileReference; lastKnownFileType = sourcecode.swift; path = TemplateFile.swift; sourceTree = "<group>"; };
/* End PBXFileReference section */

/* Begin PBXFrameworksBuildPhase section */
		3794948820BB3146001E5D61 /* Frameworks */ = {
			isa = PBXFrameworksBuildPhase;
			buildActionMask = 2147483647;
			files = (
			);
			runOnlyForDeploymentPostprocessing = 0;
		};
		3794949C20BB3147001E5D61 /* Frameworks */ = {
			isa = PBXFrameworksBuildPhase;
			buildActionMask = 2147483647;
			files = (
			);
			runOnlyForDeploymentPostprocessing = 0;
		};
/* End PBXFrameworksBuildPhase section */

/* Begin PBXGroup section */
		3794948220BB3146001E5D61 = {
			isa = PBXGroup;
			children = (
				3794948D20BB3146001E5D61 /* vehsense */,
				379494A220BB3147001E5D61 /* vehsenseTests */,
				3794948C20BB3146001E5D61 /* Products */,
			);
			sourceTree = "<group>";
		};
		3794948C20BB3146001E5D61 /* Products */ = {
			isa = PBXGroup;
			children = (
				3794948B20BB3146001E5D61 /* vehsense.app */,
				3794949F20BB3147001E5D61 /* vehsenseTests.xctest */,
			);
			name = Products;
			sourceTree = "<group>";
		};
		3794948D20BB3146001E5D61 /* vehsense */ = {
			isa = PBXGroup;
			children = (
				3794948E20BB3146001E5D61 /* AppDelegate.swift */,
				3794949020BB3146001E5D61 /* ViewController.swift */,
				6B2DB35820C5D8AA00349D1F /* FileSystem.swift */,
				6B2DB35B20C6E2D800349D1F /* ThreeAxis.swift */,
				6B2DB35D20C6E2E600349D1F /* Gyroscope.swift */,
				6B2DB35720C5D8AA00349D1F /* GPS.swift */,
				6B2DB35F20C6EA9600349D1F /* TemplateFile.swift */,
				3794949220BB3146001E5D61 /* Main.storyboard */,
				3794949520BB3147001E5D61 /* Assets.xcassets */,
				3794949720BB3147001E5D61 /* LaunchScreen.storyboard */,
				3794949A20BB3147001E5D61 /* Info.plist */,
			);
			path = vehsense;
			sourceTree = "<group>";
		};
		379494A220BB3147001E5D61 /* vehsenseTests */ = {
			isa = PBXGroup;
			children = (
				379494A320BB3147001E5D61 /* vehsenseTests.swift */,
				379494A520BB3147001E5D61 /* Info.plist */,
			);
			path = vehsenseTests;
			sourceTree = "<group>";
		};
/* End PBXGroup section */

/* Begin PBXNativeTarget section */
		3794948A20BB3146001E5D61 /* vehsense */ = {
			isa = PBXNativeTarget;
			buildConfigurationList = 379494A820BB3147001E5D61 /* Build configuration list for PBXNativeTarget "vehsense" */;
			buildPhases = (
				3794948720BB3146001E5D61 /* Sources */,
				3794948820BB3146001E5D61 /* Frameworks */,
				3794948920BB3146001E5D61 /* Resources */,
			);
			buildRules = (
			);
			dependencies = (
			);
			name = vehsense;
			productName = vehsense;
			productReference = 3794948B20BB3146001E5D61 /* vehsense.app */;
			productType = "com.apple.product-type.application";
		};
		3794949E20BB3147001E5D61 /* vehsenseTests */ = {
			isa = PBXNativeTarget;
			buildConfigurationList = 379494AB20BB3147001E5D61 /* Build configuration list for PBXNativeTarget "vehsenseTests" */;
			buildPhases = (
				3794949B20BB3147001E5D61 /* Sources */,
				3794949C20BB3147001E5D61 /* Frameworks */,
				3794949D20BB3147001E5D61 /* Resources */,
			);
			buildRules = (
			);
			dependencies = (
				379494A120BB3147001E5D61 /* PBXTargetDependency */,
			);
			name = vehsenseTests;
			productName = vehsenseTests;
			productReference = 3794949F20BB3147001E5D61 /* vehsenseTests.xctest */;
			productType = "com.apple.product-type.bundle.unit-test";
		};
/* End PBXNativeTarget section */

/* Begin PBXProject section */
		3794948320BB3146001E5D61 /* Project object */ = {
			isa = PBXProject;
			attributes = {
				LastSwiftUpdateCheck = 0930;
				LastUpgradeCheck = 0930;
				ORGANIZATIONNAME = "Weida Zhong";
				TargetAttributes = {
					3794948A20BB3146001E5D61 = {
						CreatedOnToolsVersion = 9.3.1;
					};
					3794949E20BB3147001E5D61 = {
						CreatedOnToolsVersion = 9.3.1;
						TestTargetID = 3794948A20BB3146001E5D61;
					};
				};
			};
			buildConfigurationList = 3794948620BB3146001E5D61 /* Build configuration list for PBXProject "vehsense" */;
			compatibilityVersion = "Xcode 9.3";
			developmentRegion = en;
			hasScannedForEncodings = 0;
			knownRegions = (
				en,
				Base,
			);
			mainGroup = 3794948220BB3146001E5D61;
			productRefGroup = 3794948C20BB3146001E5D61 /* Products */;
			projectDirPath = "";
			projectRoot = "";
			targets = (
				3794948A20BB3146001E5D61 /* vehsense */,
				3794949E20BB3147001E5D61 /* vehsenseTests */,
			);
		};
/* End PBXProject section */

/* Begin PBXResourcesBuildPhase section */
		3794948920BB3146001E5D61 /* Resources */ = {
			isa = PBXResourcesBuildPhase;
			buildActionMask = 2147483647;
			files = (
				3794949920BB3147001E5D61 /* LaunchScreen.storyboard in Resources */,
				3794949620BB3147001E5D61 /* Assets.xcassets in Resources */,
				3794949420BB3146001E5D61 /* Main.storyboard in Resources */,
			);
			runOnlyForDeploymentPostprocessing = 0;
		};
		3794949D20BB3147001E5D61 /* Resources */ = {
			isa = PBXResourcesBuildPhase;
			buildActionMask = 2147483647;
			files = (
			);
			runOnlyForDeploymentPostprocessing = 0;
		};
/* End PBXResourcesBuildPhase section */

/* Begin PBXSourcesBuildPhase section */
		3794948720BB3146001E5D61 /* Sources */ = {
			isa = PBXSourcesBuildPhase;
			buildActionMask = 2147483647;
			files = (
				6B2DB35A20C5D8AB00349D1F /* FileSystem.swift in Sources */,
				3794949120BB3146001E5D61 /* ViewController.swift in Sources */,
				6B2DB36020C6EA9600349D1F /* TemplateFile.swift in Sources */,
				3794948F20BB3146001E5D61 /* AppDelegate.swift in Sources */,
				6B2DB35E20C6E2E600349D1F /* Gyroscope.swift in Sources */,
				6B2DB35920C5D8AB00349D1F /* GPS.swift in Sources */,
				6B2DB35C20C6E2D800349D1F /* ThreeAxis.swift in Sources */,
			);
			runOnlyForDeploymentPostprocessing = 0;
		};
		3794949B20BB3147001E5D61 /* Sources */ = {
			isa = PBXSourcesBuildPhase;
			buildActionMask = 2147483647;
			files = (
				379494A420BB3147001E5D61 /* vehsenseTests.swift in Sources */,
			);
			runOnlyForDeploymentPostprocessing = 0;
		};
/* End PBXSourcesBuildPhase section */

/* Begin PBXTargetDependency section */
		379494A120BB3147001E5D61 /* PBXTargetDependency */ = {
			isa = PBXTargetDependency;
			target = 3794948A20BB3146001E5D61 /* vehsense */;
			targetProxy = 379494A020BB3147001E5D61 /* PBXContainerItemProxy */;
		};
/* End PBXTargetDependency section */

/* Begin PBXVariantGroup section */
		3794949220BB3146001E5D61 /* Main.storyboard */ = {
			isa = PBXVariantGroup;
			children = (
				3794949320BB3146001E5D61 /* Base */,
			);
			name = Main.storyboard;
			sourceTree = "<group>";
		};
		3794949720BB3147001E5D61 /* LaunchScreen.storyboard */ = {
			isa = PBXVariantGroup;
			children = (
				3794949820BB3147001E5D61 /* Base */,
			);
			name = LaunchScreen.storyboard;
			sourceTree = "<group>";
		};
/* End PBXVariantGroup section */

/* Begin XCBuildConfiguration section */
		379494A620BB3147001E5D61 /* Debug */ = {
			isa = XCBuildConfiguration;
			buildSettings = {
				ALWAYS_SEARCH_USER_PATHS = NO;
				CLANG_ANALYZER_NONNULL = YES;
				CLANG_ANALYZER_NUMBER_OBJECT_CONVERSION = YES_AGGRESSIVE;
				CLANG_CXX_LANGUAGE_STANDARD = "gnu++14";
				CLANG_CXX_LIBRARY = "libc++";
				CLANG_ENABLE_MODULES = YES;
				CLANG_ENABLE_OBJC_ARC = YES;
				CLANG_ENABLE_OBJC_WEAK = YES;
				CLANG_WARN_BLOCK_CAPTURE_AUTORELEASING = YES;
				CLANG_WARN_BOOL_CONVERSION = YES;
				CLANG_WARN_COMMA = YES;
				CLANG_WARN_CONSTANT_CONVERSION = YES;
				CLANG_WARN_DEPRECATED_OBJC_IMPLEMENTATIONS = YES;
				CLANG_WARN_DIRECT_OBJC_ISA_USAGE = YES_ERROR;
				CLANG_WARN_DOCUMENTATION_COMMENTS = YES;
				CLANG_WARN_EMPTY_BODY = YES;
				CLANG_WARN_ENUM_CONVERSION = YES;
				CLANG_WARN_INFINITE_RECURSION = YES;
				CLANG_WARN_INT_CONVERSION = YES;
				CLANG_WARN_NON_LITERAL_NULL_CONVERSION = YES;
				CLANG_WARN_OBJC_IMPLICIT_RETAIN_SELF = YES;
				CLANG_WARN_OBJC_LITERAL_CONVERSION = YES;
				CLANG_WARN_OBJC_ROOT_CLASS = YES_ERROR;
				CLANG_WARN_RANGE_LOOP_ANALYSIS = YES;
				CLANG_WARN_STRICT_PROTOTYPES = YES;
				CLANG_WARN_SUSPICIOUS_MOVE = YES;
				CLANG_WARN_UNGUARDED_AVAILABILITY = YES_AGGRESSIVE;
				CLANG_WARN_UNREACHABLE_CODE = YES;
				CLANG_WARN__DUPLICATE_METHOD_MATCH = YES;
				CODE_SIGN_IDENTITY = "iPhone Developer";
				COPY_PHASE_STRIP = NO;
				DEBUG_INFORMATION_FORMAT = dwarf;
				ENABLE_STRICT_OBJC_MSGSEND = YES;
				ENABLE_TESTABILITY = YES;
				GCC_C_LANGUAGE_STANDARD = gnu11;
				GCC_DYNAMIC_NO_PIC = NO;
				GCC_NO_COMMON_BLOCKS = YES;
				GCC_OPTIMIZATION_LEVEL = 0;
				GCC_PREPROCESSOR_DEFINITIONS = (
					"DEBUG=1",
					"$(inherited)",
				);
				GCC_WARN_64_TO_32_BIT_CONVERSION = YES;
				GCC_WARN_ABOUT_RETURN_TYPE = YES_ERROR;
				GCC_WARN_UNDECLARED_SELECTOR = YES;
				GCC_WARN_UNINITIALIZED_AUTOS = YES_AGGRESSIVE;
				GCC_WARN_UNUSED_FUNCTION = YES;
				GCC_WARN_UNUSED_VARIABLE = YES;
				IPHONEOS_DEPLOYMENT_TARGET = 11.3;
				MTL_ENABLE_DEBUG_INFO = YES;
				ONLY_ACTIVE_ARCH = YES;
				SDKROOT = iphoneos;
				SWIFT_ACTIVE_COMPILATION_CONDITIONS = DEBUG;
				SWIFT_OPTIMIZATION_LEVEL = "-Onone";
			};
			name = Debug;
		};
		379494A720BB3147001E5D61 /* Release */ = {
			isa = XCBuildConfiguration;
			buildSettings = {
				ALWAYS_SEARCH_USER_PATHS = NO;
				CLANG_ANALYZER_NONNULL = YES;
				CLANG_ANALYZER_NUMBER_OBJECT_CONVERSION = YES_AGGRESSIVE;
				CLANG_CXX_LANGUAGE_STANDARD = "gnu++14";
				CLANG_CXX_LIBRARY = "libc++";
				CLANG_ENABLE_MODULES = YES;
				CLANG_ENABLE_OBJC_ARC = YES;
				CLANG_ENABLE_OBJC_WEAK = YES;
				CLANG_WARN_BLOCK_CAPTURE_AUTORELEASING = YES;
				CLANG_WARN_BOOL_CONVERSION = YES;
				CLANG_WARN_COMMA = YES;
				CLANG_WARN_CONSTANT_CONVERSION = YES;
				CLANG_WARN_DEPRECATED_OBJC_IMPLEMENTATIONS = YES;
				CLANG_WARN_DIRECT_OBJC_ISA_USAGE = YES_ERROR;
				CLANG_WARN_DOCUMENTATION_COMMENTS = YES;
				CLANG_WARN_EMPTY_BODY = YES;
				CLANG_WARN_ENUM_CONVERSION = YES;
				CLANG_WARN_INFINITE_RECURSION = YES;
				CLANG_WARN_INT_CONVERSION = YES;
				CLANG_WARN_NON_LITERAL_NULL_CONVERSION = YES;
				CLANG_WARN_OBJC_IMPLICIT_RETAIN_SELF = YES;
				CLANG_WARN_OBJC_LITERAL_CONVERSION = YES;
				CLANG_WARN_OBJC_ROOT_CLASS = YES_ERROR;
				CLANG_WARN_RANGE_LOOP_ANALYSIS = YES;
				CLANG_WARN_STRICT_PROTOTYPES = YES;
				CLANG_WARN_SUSPICIOUS_MOVE = YES;
				CLANG_WARN_UNGUARDED_AVAILABILITY = YES_AGGRESSIVE;
				CLANG_WARN_UNREACHABLE_CODE = YES;
				CLANG_WARN__DUPLICATE_METHOD_MATCH = YES;
				CODE_SIGN_IDENTITY = "iPhone Developer";
				COPY_PHASE_STRIP = NO;
				DEBUG_INFORMATION_FORMAT = "dwarf-with-dsym";
				ENABLE_NS_ASSERTIONS = NO;
				ENABLE_STRICT_OBJC_MSGSEND = YES;
				GCC_C_LANGUAGE_STANDARD = gnu11;
				GCC_NO_COMMON_BLOCKS = YES;
				GCC_WARN_64_TO_32_BIT_CONVERSION = YES;
				GCC_WARN_ABOUT_RETURN_TYPE = YES_ERROR;
				GCC_WARN_UNDECLARED_SELECTOR = YES;
				GCC_WARN_UNINITIALIZED_AUTOS = YES_AGGRESSIVE;
				GCC_WARN_UNUSED_FUNCTION = YES;
				GCC_WARN_UNUSED_VARIABLE = YES;
				IPHONEOS_DEPLOYMENT_TARGET = 11.3;
				MTL_ENABLE_DEBUG_INFO = NO;
				SDKROOT = iphoneos;
				SWIFT_COMPILATION_MODE = wholemodule;
				SWIFT_OPTIMIZATION_LEVEL = "-O";
				VALIDATE_PRODUCT = YES;
			};
			name = Release;
		};
		379494A920BB3147001E5D61 /* Debug */ = {
			isa = XCBuildConfiguration;
			buildSettings = {
				ASSETCATALOG_COMPILER_APPICON_NAME = AppIcon;
				CODE_SIGN_STYLE = Automatic;
				DEVELOPMENT_TEAM = 577WH65Z54;
				INFOPLIST_FILE = vehsense/Info.plist;
				LD_RUNPATH_SEARCH_PATHS = (
					"$(inherited)",
					"@executable_path/Frameworks",
				);
				PRODUCT_BUNDLE_IDENTIFIER = edu.buffalo.cse.weida.vehsense;
				PRODUCT_NAME = "$(TARGET_NAME)";
				SWIFT_VERSION = 4.0;
				TARGETED_DEVICE_FAMILY = "1,2";
			};
			name = Debug;
		};
		379494AA20BB3147001E5D61 /* Release */ = {
			isa = XCBuildConfiguration;
			buildSettings = {
				ASSETCATALOG_COMPILER_APPICON_NAME = AppIcon;
				CODE_SIGN_STYLE = Automatic;
				DEVELOPMENT_TEAM = 577WH65Z54;
				INFOPLIST_FILE = vehsense/Info.plist;
				LD_RUNPATH_SEARCH_PATHS = (
					"$(inherited)",
					"@executable_path/Frameworks",
				);
				PRODUCT_BUNDLE_IDENTIFIER = edu.buffalo.cse.weida.vehsense;
				PRODUCT_NAME = "$(TARGET_NAME)";
				SWIFT_VERSION = 4.0;
				TARGETED_DEVICE_FAMILY = "1,2";
			};
			name = Release;
		};
		379494AC20BB3147001E5D61 /* Debug */ = {
			isa = XCBuildConfiguration;
			buildSettings = {
				ALWAYS_EMBED_SWIFT_STANDARD_LIBRARIES = YES;
				BUNDLE_LOADER = "$(TEST_HOST)";
				CODE_SIGN_STYLE = Automatic;
				INFOPLIST_FILE = vehsenseTests/Info.plist;
				LD_RUNPATH_SEARCH_PATHS = (
					"$(inherited)",
					"@executable_path/Frameworks",
					"@loader_path/Frameworks",
				);
				PRODUCT_BUNDLE_IDENTIFIER = edu.buffalo.cse.weida.vehsenseTests;
				PRODUCT_NAME = "$(TARGET_NAME)";
				SWIFT_VERSION = 4.0;
				TARGETED_DEVICE_FAMILY = "1,2";
				TEST_HOST = "$(BUILT_PRODUCTS_DIR)/vehsense.app/vehsense";
			};
			name = Debug;
		};
		379494AD20BB3147001E5D61 /* Release */ = {
			isa = XCBuildConfiguration;
			buildSettings = {
				ALWAYS_EMBED_SWIFT_STANDARD_LIBRARIES = YES;
				BUNDLE_LOADER = "$(TEST_HOST)";
				CODE_SIGN_STYLE = Automatic;
				INFOPLIST_FILE = vehsenseTests/Info.plist;
				LD_RUNPATH_SEARCH_PATHS = (
					"$(inherited)",
					"@executable_path/Frameworks",
					"@loader_path/Frameworks",
				);
				PRODUCT_BUNDLE_IDENTIFIER = edu.buffalo.cse.weida.vehsenseTests;
				PRODUCT_NAME = "$(TARGET_NAME)";
				SWIFT_VERSION = 4.0;
				TARGETED_DEVICE_FAMILY = "1,2";
				TEST_HOST = "$(BUILT_PRODUCTS_DIR)/vehsense.app/vehsense";
			};
			name = Release;
		};
/* End XCBuildConfiguration section */

/* Begin XCConfigurationList section */
		3794948620BB3146001E5D61 /* Build configuration list for PBXProject "vehsense" */ = {
			isa = XCConfigurationList;
			buildConfigurations = (
				379494A620BB3147001E5D61 /* Debug */,
				379494A720BB3147001E5D61 /* Release */,
			);
			defaultConfigurationIsVisible = 0;
			defaultConfigurationName = Release;
		};
		379494A820BB3147001E5D61 /* Build configuration list for PBXNativeTarget "vehsense" */ = {
			isa = XCConfigurationList;
			buildConfigurations = (
				379494A920BB3147001E5D61 /* Debug */,
				379494AA20BB3147001E5D61 /* Release */,
			);
			defaultConfigurationIsVisible = 0;
			defaultConfigurationName = Release;
		};
		379494AB20BB3147001E5D61 /* Build configuration list for PBXNativeTarget "vehsenseTests" */ = {
			isa = XCConfigurationList;
			buildConfigurations = (
				379494AC20BB3147001E5D61 /* Debug */,
				379494AD20BB3147001E5D61 /* Release */,
			);
			defaultConfigurationIsVisible = 0;
			defaultConfigurationName = Release;
		};
/* End XCConfigurationList section */
	};
	rootObject = 3794948320BB3146001E5D61 /* Project object */;
}
